Microsoft Visual Studio Solution File, Format Version 12.00
# Visual Studio Version 17
VisualStudioVersion = 17.5.2.0
MinimumVisualStudioVersion = 10.0.40219.1
Project("{FAE04EC0-301F-11D3-BF4B-00C04F79EFBC}") = "BP", "BP.csproj", "{D8686317-0C16-17D2-A0B0-3465811888EC}"
EndProject
Global
	GlobalSection(SolutionConfigurationPlatforms) = preSolution
		Debug|Any CPU = Debug|Any CPU
		Release|Any CPU = Release|Any CPU
	EndGlobalSection
	GlobalSection(ProjectConfigurationPlatforms) = postSolution
		{D8686317-0C16-17D2-A0B0-3465811888EC}.Debug|Any CPU.ActiveCfg = Debug|Any CPU
		{D8686317-0C16-17D2-A0B0-3465811888EC}.Debug|Any CPU.Build.0 = Debug|Any CPU
		{D8686317-0C16-17D2-A0B0-3465811888EC}.Release|Any CPU.ActiveCfg = Release|Any CPU
		{D8686317-0C16-17D2-A0B0-3465811888EC}.Release|Any CPU.Build.0 = Release|Any CPU
	EndGlobalSection
	GlobalSection(SolutionProperties) = preSolution
		HideSolutionNode = FALSE
	EndGlobalSection
	GlobalSection(ExtensibilityGlobals) = postSolution
		SolutionGuid = {C3452130-42C8-431E-9225-D8011A5A5918}
	EndGlobalSection
EndGlobal
